
Microsoft Visual Studio Solution File, Format Version 12.00
# Visual Studio Version 16
VisualStudioVersion = 16.0.30225.117
MinimumVisualStudioVersion = 10.0.40219.1
Project("{9A19103F-16F7-4668-BE54-9A1E7A4F7556}") = "productboard", "src\productboard\productboard.csproj", "{0B574434-1B75-4D29-9A97-6F153CCB4AB9}"
EndProject
Project("{2150E333-8FDC-42A3-9474-1A3956D46DE8}") = "src", "src", "{56CFC3BD-A6BD-40BF-A771-5E239E08A251}"
	ProjectSection(SolutionItems) = preProject
		src\Directory.Build.props = src\Directory.Build.props
	EndProjectSection
EndProject
Project("{2150E333-8FDC-42A3-9474-1A3956D46DE8}") = "examples", "examples", "{42D777EF-7CF2-4E6F-AF9A-B5FF0700553F}"
	ProjectSection(SolutionItems) = preProject
		examples\Directory.Build.props = examples\Directory.Build.props
	EndProjectSection
EndProject
Project("{2150E333-8FDC-42A3-9474-1A3956D46DE8}") = "test", "test", "{88003219-BE52-4B7F-B65C-ED06C89C82B9}"
EndProject
Project("{2150E333-8FDC-42A3-9474-1A3956D46DE8}") = "Solution Items", "Solution Items", "{6DDBB402-2144-40E9-B810-6104A141D7EE}"
	ProjectSection(SolutionItems) = preProject
		azure-pipelines.yml = azure-pipelines.yml
		Directory.Build.props = Directory.Build.props
		Directory.Build.targets = Directory.Build.targets
		LICENSE.md = LICENSE.md
		README.md = README.md
	EndProjectSection
EndProject
Project("{9A19103F-16F7-4668-BE54-9A1E7A4F7556}") = "productboard.Tests", "test\productboard.Tests\productboard.Tests.csproj", "{B12D949C-BA56-475D-ACB5-0E09043A52E2}"
EndProject
Project("{9A19103F-16F7-4668-BE54-9A1E7A4F7556}") = "ExampleSimple", "examples\ExampleSimple\ExampleSimple.csproj", "{547D7034-8EEF-4356-9467-05B3A786B04F}"
EndProject
Project("{9A19103F-16F7-4668-BE54-9A1E7A4F7556}") = "ExampleDependencyInjection", "examples\ExampleDependencyInjection\ExampleDependencyInjection.csproj", "{01C69F6E-1EEF-40A0-8CD1-F71E33A42149}"
EndProject
Project("{9A19103F-16F7-4668-BE54-9A1E7A4F7556}") = "ExampleGDPR", "examples\ExampleGDPR\ExampleGDPR.csproj", "{4D266C58-F767-449E-BC90-DCE37FF7D307}"
EndProject
Global
	GlobalSection(SolutionConfigurationPlatforms) = preSolution
		Debug|Any CPU = Debug|Any CPU
		Release|Any CPU = Release|Any CPU
	EndGlobalSection
	GlobalSection(ProjectConfigurationPlatforms) = postSolution
		{0B574434-1B75-4D29-9A97-6F153CCB4AB9}.Debug|Any CPU.ActiveCfg = Debug|Any CPU
		{0B574434-1B75-4D29-9A97-6F153CCB4AB9}.Debug|Any CPU.Build.0 = Debug|Any CPU
		{0B574434-1B75-4D29-9A97-6F153CCB4AB9}.Release|Any CPU.ActiveCfg = Release|Any CPU
		{0B574434-1B75-4D29-9A97-6F153CCB4AB9}.Release|Any CPU.Build.0 = Release|Any CPU
		{B12D949C-BA56-475D-ACB5-0E09043A52E2}.Debug|Any CPU.ActiveCfg = Debug|Any CPU
		{B12D949C-BA56-475D-ACB5-0E09043A52E2}.Debug|Any CPU.Build.0 = Debug|Any CPU
		{B12D949C-BA56-475D-ACB5-0E09043A52E2}.Release|Any CPU.ActiveCfg = Release|Any CPU
		{B12D949C-BA56-475D-ACB5-0E09043A52E2}.Release|Any CPU.Build.0 = Release|Any CPU
		{547D7034-8EEF-4356-9467-05B3A786B04F}.Debug|Any CPU.ActiveCfg = Debug|Any CPU
		{547D7034-8EEF-4356-9467-05B3A786B04F}.Debug|Any CPU.Build.0 = Debug|Any CPU
		{547D7034-8EEF-4356-9467-05B3A786B04F}.Release|Any CPU.ActiveCfg = Release|Any CPU
		{547D7034-8EEF-4356-9467-05B3A786B04F}.Release|Any CPU.Build.0 = Release|Any CPU
		{01C69F6E-1EEF-40A0-8CD1-F71E33A42149}.Debug|Any CPU.ActiveCfg = Debug|Any CPU
		{01C69F6E-1EEF-40A0-8CD1-F71E33A42149}.Debug|Any CPU.Build.0 = Debug|Any CPU
		{01C69F6E-1EEF-40A0-8CD1-F71E33A42149}.Release|Any CPU.ActiveCfg = Release|Any CPU
		{01C69F6E-1EEF-40A0-8CD1-F71E33A42149}.Release|Any CPU.Build.0 = Release|Any CPU
		{4D266C58-F767-449E-BC90-DCE37FF7D307}.Debug|Any CPU.ActiveCfg = Debug|Any CPU
		{4D266C58-F767-449E-BC90-DCE37FF7D307}.Debug|Any CPU.Build.0 = Debug|Any CPU
		{4D266C58-F767-449E-BC90-DCE37FF7D307}.Release|Any CPU.ActiveCfg = Release|Any CPU
		{4D266C58-F767-449E-BC90-DCE37FF7D307}.Release|Any CPU.Build.0 = Release|Any CPU
	EndGlobalSection
	GlobalSection(SolutionProperties) = preSolution
		HideSolutionNode = FALSE
	EndGlobalSection
	GlobalSection(NestedProjects) = preSolution
		{0B574434-1B75-4D29-9A97-6F153CCB4AB9} = {56CFC3BD-A6BD-40BF-A771-5E239E08A251}
		{B12D949C-BA56-475D-ACB5-0E09043A52E2} = {88003219-BE52-4B7F-B65C-ED06C89C82B9}
		{547D7034-8EEF-4356-9467-05B3A786B04F} = {42D777EF-7CF2-4E6F-AF9A-B5FF0700553F}
		{01C69F6E-1EEF-40A0-8CD1-F71E33A42149} = {42D777EF-7CF2-4E6F-AF9A-B5FF0700553F}
		{4D266C58-F767-449E-BC90-DCE37FF7D307} = {42D777EF-7CF2-4E6F-AF9A-B5FF0700553F}
	EndGlobalSection
	GlobalSection(ExtensibilityGlobals) = postSolution
		SolutionGuid = {99DB2F0E-A76B-4434-81AB-14CE41331527}
	EndGlobalSection
EndGlobal
