
Microsoft Visual Studio Solution File, Format Version 12.00
# Visual Studio Version 16
VisualStudioVersion = 16.0.30225.117
MinimumVisualStudioVersion = 10.0.40219.1
Project("{FAE04EC0-301F-11D3-BF4B-00C04F79EFBC}") = "productboard", "src\productboard\productboard.csproj", "{0B574434-1B75-4D29-9A97-6F153CCB4AB9}"
EndProject
Project("{2150E333-8FDC-42A3-9474-1A3956D46DE8}") = "src", "src", "{56CFC3BD-A6BD-40BF-A771-5E239E08A251}"
	ProjectSection(SolutionItems) = preProject
		src\Directory.Build.props = src\Directory.Build.props
	EndProjectSection
EndProject
Project("{FAE04EC0-301F-11D3-BF4B-00C04F79EFBC}") = "productboard.Extensions.DependencyInjection", "src\productboard.Extensions.DependencyInjection\productboard.Extensions.DependencyInjection.csproj", "{42B7EA10-B09C-4BDB-94B3-6440416A4E19}"
EndProject
Project("{2150E333-8FDC-42A3-9474-1A3956D46DE8}") = "examples", "examples", "{42D777EF-7CF2-4E6F-AF9A-B5FF0700553F}"
	ProjectSection(SolutionItems) = preProject
		examples\Directory.Build.props = examples\Directory.Build.props
	EndProjectSection
EndProject
Project("{2150E333-8FDC-42A3-9474-1A3956D46DE8}") = "test", "test", "{88003219-BE52-4B7F-B65C-ED06C89C82B9}"
	ProjectSection(SolutionItems) = preProject
		test\Directory.Build.props = test\Directory.Build.props
	EndProjectSection
EndProject
Project("{2150E333-8FDC-42A3-9474-1A3956D46DE8}") = "Solution Items", "Solution Items", "{6DDBB402-2144-40E9-B810-6104A141D7EE}"
	ProjectSection(SolutionItems) = preProject
		azure-pipelines.yml = azure-pipelines.yml
		Directory.Build.props = Directory.Build.props
		Directory.Build.targets = Directory.Build.targets
		LICENSE.md = LICENSE.md
		README.md = README.md
	EndProjectSection
EndProject
Project("{FAE04EC0-301F-11D3-BF4B-00C04F79EFBC}") = "productboard.Extensions.DependencyInjection.Tests", "test\productboard.Extensions.DependencyInjection.Tests\productboard.Extensions.DependencyInjection.Tests.csproj", "{A0B819F0-7EC1-4F6E-BA0D-922985F220AE}"
EndProject
Project("{FAE04EC0-301F-11D3-BF4B-00C04F79EFBC}") = "productboard.Tests", "test\productboard.Tests\productboard.Tests.csproj", "{B12D949C-BA56-475D-ACB5-0E09043A52E2}"
EndProject
Global
	GlobalSection(SolutionConfigurationPlatforms) = preSolution
		Debug|Any CPU = Debug|Any CPU
		Release|Any CPU = Release|Any CPU
	EndGlobalSection
	GlobalSection(ProjectConfigurationPlatforms) = postSolution
		{0B574434-1B75-4D29-9A97-6F153CCB4AB9}.Debug|Any CPU.ActiveCfg = Debug|Any CPU
		{0B574434-1B75-4D29-9A97-6F153CCB4AB9}.Debug|Any CPU.Build.0 = Debug|Any CPU
		{0B574434-1B75-4D29-9A97-6F153CCB4AB9}.Release|Any CPU.ActiveCfg = Release|Any CPU
		{0B574434-1B75-4D29-9A97-6F153CCB4AB9}.Release|Any CPU.Build.0 = Release|Any CPU
		{42B7EA10-B09C-4BDB-94B3-6440416A4E19}.Debug|Any CPU.ActiveCfg = Debug|Any CPU
		{42B7EA10-B09C-4BDB-94B3-6440416A4E19}.Debug|Any CPU.Build.0 = Debug|Any CPU
		{42B7EA10-B09C-4BDB-94B3-6440416A4E19}.Release|Any CPU.ActiveCfg = Release|Any CPU
		{42B7EA10-B09C-4BDB-94B3-6440416A4E19}.Release|Any CPU.Build.0 = Release|Any CPU
		{A0B819F0-7EC1-4F6E-BA0D-922985F220AE}.Debug|Any CPU.ActiveCfg = Debug|Any CPU
		{A0B819F0-7EC1-4F6E-BA0D-922985F220AE}.Debug|Any CPU.Build.0 = Debug|Any CPU
		{A0B819F0-7EC1-4F6E-BA0D-922985F220AE}.Release|Any CPU.ActiveCfg = Release|Any CPU
		{A0B819F0-7EC1-4F6E-BA0D-922985F220AE}.Release|Any CPU.Build.0 = Release|Any CPU
		{B12D949C-BA56-475D-ACB5-0E09043A52E2}.Debug|Any CPU.ActiveCfg = Debug|Any CPU
		{B12D949C-BA56-475D-ACB5-0E09043A52E2}.Debug|Any CPU.Build.0 = Debug|Any CPU
		{B12D949C-BA56-475D-ACB5-0E09043A52E2}.Release|Any CPU.ActiveCfg = Release|Any CPU
		{B12D949C-BA56-475D-ACB5-0E09043A52E2}.Release|Any CPU.Build.0 = Release|Any CPU
	EndGlobalSection
	GlobalSection(SolutionProperties) = preSolution
		HideSolutionNode = FALSE
	EndGlobalSection
	GlobalSection(NestedProjects) = preSolution
		{0B574434-1B75-4D29-9A97-6F153CCB4AB9} = {56CFC3BD-A6BD-40BF-A771-5E239E08A251}
		{42B7EA10-B09C-4BDB-94B3-6440416A4E19} = {56CFC3BD-A6BD-40BF-A771-5E239E08A251}
		{A0B819F0-7EC1-4F6E-BA0D-922985F220AE} = {88003219-BE52-4B7F-B65C-ED06C89C82B9}
		{B12D949C-BA56-475D-ACB5-0E09043A52E2} = {88003219-BE52-4B7F-B65C-ED06C89C82B9}
	EndGlobalSection
	GlobalSection(ExtensibilityGlobals) = postSolution
		SolutionGuid = {99DB2F0E-A76B-4434-81AB-14CE41331527}
	EndGlobalSection
EndGlobal
